// !$*UTF8*$!
{
	archiveVersion = 1;
	classes = {
	};
	objectVersion = 46;
	objects = {

/* Begin PBXBuildFile section */
		18020EEC1B73AEFD00F637F2 /* Sound.swift in Sources */ = {isa = PBXBuildFile; fileRef = 18020EEB1B73AEFD00F637F2 /* Sound.swift */; };
		18020EEE1B73AF1100F637F2 /* Sound.swift in Sources */ = {isa = PBXBuildFile; fileRef = 18020EEB1B73AEFD00F637F2 /* Sound.swift */; };
		18020EF01B73B1D800F637F2 /* SoundChannel.swift in Sources */ = {isa = PBXBuildFile; fileRef = 18020EEF1B73B1D800F637F2 /* SoundChannel.swift */; };
		18020EF31B73B87B00F637F2 /* AVFoundation.framework in Frameworks */ = {isa = PBXBuildFile; fileRef = 18020EF11B73B86000F637F2 /* AVFoundation.framework */; };
		18020EF51B73B94D00F637F2 /* DisplayObject.swift in Sources */ = {isa = PBXBuildFile; fileRef = 18DD46CC1AF9510100A7992C /* DisplayObject.swift */; };
		18020EF61B73B9B200F637F2 /* SoundChannel.swift in Sources */ = {isa = PBXBuildFile; fileRef = 18020EEF1B73B1D800F637F2 /* SoundChannel.swift */; };
		18020EF81B73BAD900F637F2 /* ButtonTap.wav in Resources */ = {isa = PBXBuildFile; fileRef = 18020EF71B73BAD900F637F2 /* ButtonTap.wav */; };
		18020EFC1B73C81E00F637F2 /* SecondBeep.wav in Resources */ = {isa = PBXBuildFile; fileRef = 18020EFB1B73C81E00F637F2 /* SecondBeep.wav */; };
		180A4DD21B669C0B00D77CD4 /* TextFormat.swift in Sources */ = {isa = PBXBuildFile; fileRef = 180A4DD11B669C0B00D77CD4 /* TextFormat.swift */; };
		180A4DD41B669C5100D77CD4 /* TextField.swift in Sources */ = {isa = PBXBuildFile; fileRef = 180A4DD31B669C5100D77CD4 /* TextField.swift */; };
		183432091B62F16500F1CD2E /* SKMultilineLabel.swift in Sources */ = {isa = PBXBuildFile; fileRef = 183432081B62F16500F1CD2E /* SKMultilineLabel.swift */; };
		18C9425D1AFC31A900D20904 /* MovieClip.swift in Sources */ = {isa = PBXBuildFile; fileRef = 18C9425C1AFC31A900D20904 /* MovieClip.swift */; };
		18C9425E1AFC32B500D20904 /* MovieClip.swift in Sources */ = {isa = PBXBuildFile; fileRef = 18C9425C1AFC31A900D20904 /* MovieClip.swift */; };
		18C9429F1AFD007800D20904 /* easing.swift in Sources */ = {isa = PBXBuildFile; fileRef = 18C9429C1AFD007800D20904 /* easing.swift */; };
		18C942A01AFD007800D20904 /* EasingDeclarations.swift in Sources */ = {isa = PBXBuildFile; fileRef = 18C9429D1AFD007800D20904 /* EasingDeclarations.swift */; };
		18C942A11AFD007800D20904 /* SKEase.swift in Sources */ = {isa = PBXBuildFile; fileRef = 18C9429E1AFD007800D20904 /* SKEase.swift */; };
		18C942A51AFD209500D20904 /* images.atlas in Resources */ = {isa = PBXBuildFile; fileRef = 18C942A41AFD209500D20904 /* images.atlas */; };
		18DD46481AF9104500A7992C /* AppDelegate.swift in Sources */ = {isa = PBXBuildFile; fileRef = 18DD46471AF9104500A7992C /* AppDelegate.swift */; };
		18DD464E1AF9104500A7992C /* GameViewController.swift in Sources */ = {isa = PBXBuildFile; fileRef = 18DD464D1AF9104500A7992C /* GameViewController.swift */; };
		18DD46511AF9104500A7992C /* Main.storyboard in Resources */ = {isa = PBXBuildFile; fileRef = 18DD464F1AF9104500A7992C /* Main.storyboard */; };
		18DD46531AF9104500A7992C /* Images.xcassets in Resources */ = {isa = PBXBuildFile; fileRef = 18DD46521AF9104500A7992C /* Images.xcassets */; };
		18DD46561AF9104500A7992C /* LaunchScreen.xib in Resources */ = {isa = PBXBuildFile; fileRef = 18DD46541AF9104500A7992C /* LaunchScreen.xib */; };
		18DD46621AF9104500A7992C /* ActionSwiftSKTests.swift in Sources */ = {isa = PBXBuildFile; fileRef = 18DD46611AF9104500A7992C /* ActionSwiftSKTests.swift */; };
		18DD46751AF9105700A7992C /* ActionSwift3.h in Headers */ = {isa = PBXBuildFile; fileRef = 18DD46741AF9105700A7992C /* ActionSwift3.h */; settings = {ATTRIBUTES = (Public, ); }; };
		18DD467B1AF9105700A7992C /* ActionSwift3.framework in Frameworks */ = {isa = PBXBuildFile; fileRef = 18DD46701AF9105700A7992C /* ActionSwift3.framework */; };
		18DD46841AF9105700A7992C /* ActionSwift3Tests.swift in Sources */ = {isa = PBXBuildFile; fileRef = 18DD46831AF9105700A7992C /* ActionSwift3Tests.swift */; };
		18DD46871AF9105700A7992C /* ActionSwift3.framework in Frameworks */ = {isa = PBXBuildFile; fileRef = 18DD46701AF9105700A7992C /* ActionSwift3.framework */; };
		18DD46881AF9105700A7992C /* ActionSwift3.framework in Embed Frameworks */ = {isa = PBXBuildFile; fileRef = 18DD46701AF9105700A7992C /* ActionSwift3.framework */; settings = {ATTRIBUTES = (CodeSignOnCopy, RemoveHeadersOnCopy, ); }; };
		18DD46911AF9110500A7992C /* EventDispatcher.swift in Sources */ = {isa = PBXBuildFile; fileRef = 18DD46901AF9110500A7992C /* EventDispatcher.swift */; };
		18DD46C31AF92D9700A7992C /* Event.swift in Sources */ = {isa = PBXBuildFile; fileRef = 18DD46C21AF92D9700A7992C /* Event.swift */; };
		18DD46C81AF9345B00A7992C /* Object.swift in Sources */ = {isa = PBXBuildFile; fileRef = 18DD46C71AF9345B00A7992C /* Object.swift */; };
		18DD46CA1AF9423100A7992C /* Array.swift in Sources */ = {isa = PBXBuildFile; fileRef = 18DD46C91AF9423100A7992C /* Array.swift */; };
		18DD46CD1AF9510100A7992C /* DisplayObject.swift in Sources */ = {isa = PBXBuildFile; fileRef = 18DD46CC1AF9510100A7992C /* DisplayObject.swift */; };
		18DD46D31AF96D3F00A7992C /* EventHandler.swift in Sources */ = {isa = PBXBuildFile; fileRef = 18DD46D21AF96D3F00A7992C /* EventHandler.swift */; };
		18DD46D51AF9B3A000A7992C /* InteractiveObject.swift in Sources */ = {isa = PBXBuildFile; fileRef = 18DD46D41AF9B3A000A7992C /* InteractiveObject.swift */; };
		18DD46D71AF9B3B400A7992C /* DisplayObjectContainer.swift in Sources */ = {isa = PBXBuildFile; fileRef = 18DD46D61AF9B3B400A7992C /* DisplayObjectContainer.swift */; };
		18DD46DB1AFA5F6800A7992C /* Touch.swift in Sources */ = {isa = PBXBuildFile; fileRef = 18DD46DA1AFA5F6800A7992C /* Touch.swift */; };
		18DD46DD1AFA612D00A7992C /* TouchEvent.swift in Sources */ = {isa = PBXBuildFile; fileRef = 18DD46DC1AFA612D00A7992C /* TouchEvent.swift */; };
		18DD46DF1AFA831200A7992C /* Global.swift in Sources */ = {isa = PBXBuildFile; fileRef = 18DD46DE1AFA831200A7992C /* Global.swift */; };
		18DD46E11AFAC8E300A7992C /* Sprite.swift in Sources */ = {isa = PBXBuildFile; fileRef = 18DD46E01AFAC8E300A7992C /* Sprite.swift */; };
		18DD46E31AFAC96100A7992C /* Graphics.swift in Sources */ = {isa = PBXBuildFile; fileRef = 18DD46E21AFAC96100A7992C /* Graphics.swift */; };
		18DD46E61AFB040600A7992C /* Stage.swift in Sources */ = {isa = PBXBuildFile; fileRef = 18DD46E51AFB040600A7992C /* Stage.swift */; };
		18DD46EB1AFBAE9500A7992C /* StageScene.swift in Sources */ = {isa = PBXBuildFile; fileRef = 18DD46EA1AFBAE9500A7992C /* StageScene.swift */; };
		18DD46FD1AFBB4A300A7992C /* Stage.swift in Sources */ = {isa = PBXBuildFile; fileRef = 18DD46E51AFB040600A7992C /* Stage.swift */; };
		18DD46FE1AFBB4A700A7992C /* EventDispatcher.swift in Sources */ = {isa = PBXBuildFile; fileRef = 18DD46901AF9110500A7992C /* EventDispatcher.swift */; };
		18DD46FF1AFBB4A700A7992C /* Event.swift in Sources */ = {isa = PBXBuildFile; fileRef = 18DD46C21AF92D9700A7992C /* Event.swift */; };
		18DD47001AFBB4A700A7992C /* EventHandler.swift in Sources */ = {isa = PBXBuildFile; fileRef = 18DD46D21AF96D3F00A7992C /* EventHandler.swift */; };
		18DD47011AFBB4A700A7992C /* Touch.swift in Sources */ = {isa = PBXBuildFile; fileRef = 18DD46DA1AFA5F6800A7992C /* Touch.swift */; };
		18DD47021AFBB4A700A7992C /* TouchEvent.swift in Sources */ = {isa = PBXBuildFile; fileRef = 18DD46DC1AFA612D00A7992C /* TouchEvent.swift */; };
		18DD47031AFBB4A700A7992C /* Array.swift in Sources */ = {isa = PBXBuildFile; fileRef = 18DD46C91AF9423100A7992C /* Array.swift */; };
		18DD47041AFBB4A700A7992C /* Object.swift in Sources */ = {isa = PBXBuildFile; fileRef = 18DD46C71AF9345B00A7992C /* Object.swift */; };
		18DD47051AFBB4A700A7992C /* Global.swift in Sources */ = {isa = PBXBuildFile; fileRef = 18DD46DE1AFA831200A7992C /* Global.swift */; };
		18DD47081AFBB4DF00A7992C /* StageScene.swift in Sources */ = {isa = PBXBuildFile; fileRef = 18DD46EA1AFBAE9500A7992C /* StageScene.swift */; };
		18DD470A1AFBB4E600A7992C /* InteractiveObject.swift in Sources */ = {isa = PBXBuildFile; fileRef = 18DD46D41AF9B3A000A7992C /* InteractiveObject.swift */; };
		18DD470B1AFBB4E600A7992C /* DisplayObjectContainer.swift in Sources */ = {isa = PBXBuildFile; fileRef = 18DD46D61AF9B3B400A7992C /* DisplayObjectContainer.swift */; };
		18DD470C1AFBB4E600A7992C /* Sprite.swift in Sources */ = {isa = PBXBuildFile; fileRef = 18DD46E01AFAC8E300A7992C /* Sprite.swift */; };
		18DD470D1AFBB4E600A7992C /* Graphics.swift in Sources */ = {isa = PBXBuildFile; fileRef = 18DD46E21AFAC96100A7992C /* Graphics.swift */; };
		18DD470F1AFBFDEE00A7992C /* GraphicsNode.swift in Sources */ = {isa = PBXBuildFile; fileRef = 18DD470E1AFBFDEE00A7992C /* GraphicsNode.swift */; };
		18DD47101AFBFE3D00A7992C /* GraphicsNode.swift in Sources */ = {isa = PBXBuildFile; fileRef = 18DD470E1AFBFDEE00A7992C /* GraphicsNode.swift */; };
		18DD47131AFC059F00A7992C /* SpriteNode.swift in Sources */ = {isa = PBXBuildFile; fileRef = 18DD47121AFC059F00A7992C /* SpriteNode.swift */; };
		18DD47141AFC064100A7992C /* SpriteNode.swift in Sources */ = {isa = PBXBuildFile; fileRef = 18DD47121AFC059F00A7992C /* SpriteNode.swift */; };
		18DE35521B6FCD58007C9A93 /* SKMultilineLabel.swift in Sources */ = {isa = PBXBuildFile; fileRef = 183432081B62F16500F1CD2E /* SKMultilineLabel.swift */; };
		18DE35531B6FCD5B007C9A93 /* TextFormat.swift in Sources */ = {isa = PBXBuildFile; fileRef = 180A4DD11B669C0B00D77CD4 /* TextFormat.swift */; };
		18DE35541B6FCD5E007C9A93 /* TextField.swift in Sources */ = {isa = PBXBuildFile; fileRef = 180A4DD31B669C5100D77CD4 /* TextField.swift */; };
		18E1A2CA1B726B540050CCFA /* SimpleButton.swift in Sources */ = {isa = PBXBuildFile; fileRef = 18E1A2C91B726B540050CCFA /* SimpleButton.swift */; };
		18E1A2CB1B72AA240050CCFA /* SimpleButton.swift in Sources */ = {isa = PBXBuildFile; fileRef = 18E1A2C91B726B540050CCFA /* SimpleButton.swift */; };
		18E1A2CD1B72B61E0050CCFA /* InteractiveNode.swift in Sources */ = {isa = PBXBuildFile; fileRef = 18E1A2CC1B72B61E0050CCFA /* InteractiveNode.swift */; };
		18E1A2CF1B72BBF60050CCFA /* UIColor.swift in Sources */ = {isa = PBXBuildFile; fileRef = 18E1A2CE1B72BBF60050CCFA /* UIColor.swift */; };
		18E1A2D11B72BC720050CCFA /* UIColor.swift in Sources */ = {isa = PBXBuildFile; fileRef = 18E1A2CE1B72BBF60050CCFA /* UIColor.swift */; };
		B9330BF21BB1F1C500A3EB47 /* String.swift in Sources */ = {isa = PBXBuildFile; fileRef = B9330BF11BB1F1C500A3EB47 /* String.swift */; };
		B9330BF31BB1F23000A3EB47 /* String.swift in Sources */ = {isa = PBXBuildFile; fileRef = B9330BF11BB1F1C500A3EB47 /* String.swift */; };
		B965BDAB1BDAD89E00E4875F /* LabelNode.swift in Sources */ = {isa = PBXBuildFile; fileRef = B965BDAA1BDAD89E00E4875F /* LabelNode.swift */; };
		B965BDAC1BDADA9600E4875F /* LabelNode.swift in Sources */ = {isa = PBXBuildFile; fileRef = B965BDAA1BDAD89E00E4875F /* LabelNode.swift */; };
		B965BDAD1BDADAA800E4875F /* InteractiveNode.swift in Sources */ = {isa = PBXBuildFile; fileRef = 18E1A2CC1B72B61E0050CCFA /* InteractiveNode.swift */; };
/* End PBXBuildFile section */

/* Begin PBXContainerItemProxy section */
		18DD465C1AF9104500A7992C /* PBXContainerItemProxy */ = {
			isa = PBXContainerItemProxy;
			containerPortal = 18DD463A1AF9104500A7992C /* Project object */;
			proxyType = 1;
			remoteGlobalIDString = 18DD46411AF9104500A7992C;
			remoteInfo = ActionSwiftSK;
		};
		18DD467C1AF9105700A7992C /* PBXContainerItemProxy */ = {
			isa = PBXContainerItemProxy;
			containerPortal = 18DD463A1AF9104500A7992C /* Project object */;
			proxyType = 1;
			remoteGlobalIDString = 18DD466F1AF9105700A7992C;
			remoteInfo = ActionSwift3;
		};
		18DD467E1AF9105700A7992C /* PBXContainerItemProxy */ = {
			isa = PBXContainerItemProxy;
			containerPortal = 18DD463A1AF9104500A7992C /* Project object */;
			proxyType = 1;
			remoteGlobalIDString = 18DD46411AF9104500A7992C;
			remoteInfo = ActionSwiftSK;
		};
		18DD46851AF9105700A7992C /* PBXContainerItemProxy */ = {
			isa = PBXContainerItemProxy;
			containerPortal = 18DD463A1AF9104500A7992C /* Project object */;
			proxyType = 1;
			remoteGlobalIDString = 18DD466F1AF9105700A7992C;
			remoteInfo = ActionSwift3;
		};
/* End PBXContainerItemProxy section */

/* Begin PBXCopyFilesBuildPhase section */
		18DD468C1AF9105700A7992C /* Embed Frameworks */ = {
			isa = PBXCopyFilesBuildPhase;
			buildActionMask = 2147483647;
			dstPath = "";
			dstSubfolderSpec = 10;
			files = (
				18DD46881AF9105700A7992C /* ActionSwift3.framework in Embed Frameworks */,
			);
			name = "Embed Frameworks";
			runOnlyForDeploymentPostprocessing = 0;
		};
/* End PBXCopyFilesBuildPhase section */

/* Begin PBXFileReference section */
		18020EEB1B73AEFD00F637F2 /* Sound.swift */ = {isa = PBXFileReference; fileEncoding = 4; lastKnownFileType = sourcecode.swift; name = Sound.swift; path = media/Sound.swift; sourceTree = "<group>"; };
		18020EEF1B73B1D800F637F2 /* SoundChannel.swift */ = {isa = PBXFileReference; fileEncoding = 4; lastKnownFileType = sourcecode.swift; name = SoundChannel.swift; path = media/SoundChannel.swift; sourceTree = "<group>"; };
		18020EF11B73B86000F637F2 /* AVFoundation.framework */ = {isa = PBXFileReference; lastKnownFileType = wrapper.framework; name = AVFoundation.framework; path = System/Library/Frameworks/AVFoundation.framework; sourceTree = SDKROOT; };
		18020EF71B73BAD900F637F2 /* ButtonTap.wav */ = {isa = PBXFileReference; lastKnownFileType = audio.wav; path = ButtonTap.wav; sourceTree = "<group>"; };
		18020EFB1B73C81E00F637F2 /* SecondBeep.wav */ = {isa = PBXFileReference; lastKnownFileType = audio.wav; path = SecondBeep.wav; sourceTree = "<group>"; };
		180A4DD11B669C0B00D77CD4 /* TextFormat.swift */ = {isa = PBXFileReference; fileEncoding = 4; lastKnownFileType = sourcecode.swift; name = TextFormat.swift; path = text/TextFormat.swift; sourceTree = "<group>"; };
		180A4DD31B669C5100D77CD4 /* TextField.swift */ = {isa = PBXFileReference; fileEncoding = 4; lastKnownFileType = sourcecode.swift; name = TextField.swift; path = text/TextField.swift; sourceTree = "<group>"; };
		1833525B1B84C8D20082DB1F /* SwiftAPIfortheFlashGuySmall.png */ = {isa = PBXFileReference; lastKnownFileType = image.png; path = SwiftAPIfortheFlashGuySmall.png; sourceTree = "<group>"; };
		183432081B62F16500F1CD2E /* SKMultilineLabel.swift */ = {isa = PBXFileReference; fileEncoding = 4; lastKnownFileType = sourcecode.swift; path = SKMultilineLabel.swift; sourceTree = "<group>"; };
		18642EF01B755FA000689AB1 /* README.md */ = {isa = PBXFileReference; fileEncoding = 4; lastKnownFileType = net.daringfireball.markdown; path = README.md; sourceTree = "<group>"; };
		18C9425C1AFC31A900D20904 /* MovieClip.swift */ = {isa = PBXFileReference; fileEncoding = 4; lastKnownFileType = sourcecode.swift; name = MovieClip.swift; path = display/MovieClip.swift; sourceTree = "<group>"; };
		18C9429C1AFD007800D20904 /* easing.swift */ = {isa = PBXFileReference; fileEncoding = 4; lastKnownFileType = sourcecode.swift; path = easing.swift; sourceTree = "<group>"; };
		18C9429D1AFD007800D20904 /* EasingDeclarations.swift */ = {isa = PBXFileReference; fileEncoding = 4; lastKnownFileType = sourcecode.swift; path = EasingDeclarations.swift; sourceTree = "<group>"; };
		18C9429E1AFD007800D20904 /* SKEase.swift */ = {isa = PBXFileReference; fileEncoding = 4; lastKnownFileType = sourcecode.swift; path = SKEase.swift; sourceTree = "<group>"; };
		18C942A41AFD209500D20904 /* images.atlas */ = {isa = PBXFileReference; lastKnownFileType = folder.skatlas; path = images.atlas; sourceTree = "<group>"; };
		18DD46421AF9104500A7992C /* ActionSwift.app */ = {isa = PBXFileReference; explicitFileType = wrapper.application; includeInIndex = 0; path = ActionSwift.app; sourceTree = BUILT_PRODUCTS_DIR; };
		18DD46461AF9104500A7992C /* Info.plist */ = {isa = PBXFileReference; lastKnownFileType = text.plist.xml; path = Info.plist; sourceTree = "<group>"; };
		18DD46471AF9104500A7992C /* AppDelegate.swift */ = {isa = PBXFileReference; lastKnownFileType = sourcecode.swift; path = AppDelegate.swift; sourceTree = "<group>"; };
		18DD464D1AF9104500A7992C /* GameViewController.swift */ = {isa = PBXFileReference; lastKnownFileType = sourcecode.swift; path = GameViewController.swift; sourceTree = "<group>"; };
		18DD46501AF9104500A7992C /* Base */ = {isa = PBXFileReference; lastKnownFileType = file.storyboard; name = Base; path = Base.lproj/Main.storyboard; sourceTree = "<group>"; };
		18DD46521AF9104500A7992C /* Images.xcassets */ = {isa = PBXFileReference; lastKnownFileType = folder.assetcatalog; path = Images.xcassets; sourceTree = "<group>"; };
		18DD46551AF9104500A7992C /* Base */ = {isa = PBXFileReference; lastKnownFileType = file.xib; name = Base; path = Base.lproj/LaunchScreen.xib; sourceTree = "<group>"; };
		18DD465B1AF9104500A7992C /* ActionSwiftTests.xctest */ = {isa = PBXFileReference; explicitFileType = wrapper.cfbundle; includeInIndex = 0; path = ActionSwiftTests.xctest; sourceTree = BUILT_PRODUCTS_DIR; };
		18DD46601AF9104500A7992C /* Info.plist */ = {isa = PBXFileReference; lastKnownFileType = text.plist.xml; path = Info.plist; sourceTree = "<group>"; };
		18DD46611AF9104500A7992C /* ActionSwiftSKTests.swift */ = {isa = PBXFileReference; lastKnownFileType = sourcecode.swift; path = ActionSwiftSKTests.swift; sourceTree = "<group>"; };
		18DD46701AF9105700A7992C /* ActionSwift3.framework */ = {isa = PBXFileReference; explicitFileType = wrapper.framework; includeInIndex = 0; path = ActionSwift3.framework; sourceTree = BUILT_PRODUCTS_DIR; };
		18DD46731AF9105700A7992C /* Info.plist */ = {isa = PBXFileReference; lastKnownFileType = text.plist.xml; path = Info.plist; sourceTree = "<group>"; };
		18DD46741AF9105700A7992C /* ActionSwift3.h */ = {isa = PBXFileReference; lastKnownFileType = sourcecode.c.h; path = ActionSwift3.h; sourceTree = "<group>"; };
		18DD467A1AF9105700A7992C /* ActionSwift3Tests.xctest */ = {isa = PBXFileReference; explicitFileType = wrapper.cfbundle; includeInIndex = 0; path = ActionSwift3Tests.xctest; sourceTree = BUILT_PRODUCTS_DIR; };
		18DD46821AF9105700A7992C /* Info.plist */ = {isa = PBXFileReference; lastKnownFileType = text.plist.xml; path = Info.plist; sourceTree = "<group>"; };
		18DD46831AF9105700A7992C /* ActionSwift3Tests.swift */ = {isa = PBXFileReference; lastKnownFileType = sourcecode.swift; path = ActionSwift3Tests.swift; sourceTree = "<group>"; };
		18DD46901AF9110500A7992C /* EventDispatcher.swift */ = {isa = PBXFileReference; fileEncoding = 4; lastKnownFileType = sourcecode.swift; name = EventDispatcher.swift; path = com/actionswift/events/EventDispatcher.swift; sourceTree = "<group>"; };
		18DD46C21AF92D9700A7992C /* Event.swift */ = {isa = PBXFileReference; fileEncoding = 4; lastKnownFileType = sourcecode.swift; name = Event.swift; path = com/actionswift/events/Event.swift; sourceTree = "<group>"; };
		18DD46C71AF9345B00A7992C /* Object.swift */ = {isa = PBXFileReference; fileEncoding = 4; lastKnownFileType = sourcecode.swift; path = Object.swift; sourceTree = "<group>"; };
		18DD46C91AF9423100A7992C /* Array.swift */ = {isa = PBXFileReference; fileEncoding = 4; lastKnownFileType = sourcecode.swift; path = Array.swift; sourceTree = "<group>"; };
		18DD46CC1AF9510100A7992C /* DisplayObject.swift */ = {isa = PBXFileReference; fileEncoding = 4; lastKnownFileType = sourcecode.swift; name = DisplayObject.swift; path = display/DisplayObject.swift; sourceTree = "<group>"; };
		18DD46D21AF96D3F00A7992C /* EventHandler.swift */ = {isa = PBXFileReference; fileEncoding = 4; lastKnownFileType = sourcecode.swift; name = EventHandler.swift; path = com/actionswift/events/EventHandler.swift; sourceTree = "<group>"; };
		18DD46D41AF9B3A000A7992C /* InteractiveObject.swift */ = {isa = PBXFileReference; fileEncoding = 4; lastKnownFileType = sourcecode.swift; name = InteractiveObject.swift; path = display/InteractiveObject.swift; sourceTree = "<group>"; };
		18DD46D61AF9B3B400A7992C /* DisplayObjectContainer.swift */ = {isa = PBXFileReference; fileEncoding = 4; lastKnownFileType = sourcecode.swift; name = DisplayObjectContainer.swift; path = display/DisplayObjectContainer.swift; sourceTree = "<group>"; };
		18DD46DA1AFA5F6800A7992C /* Touch.swift */ = {isa = PBXFileReference; fileEncoding = 4; lastKnownFileType = sourcecode.swift; name = Touch.swift; path = com/actionswift/events/Touch.swift; sourceTree = "<group>"; };
		18DD46DC1AFA612D00A7992C /* TouchEvent.swift */ = {isa = PBXFileReference; fileEncoding = 4; lastKnownFileType = sourcecode.swift; name = TouchEvent.swift; path = com/actionswift/events/TouchEvent.swift; sourceTree = "<group>"; };
		18DD46DE1AFA831200A7992C /* Global.swift */ = {isa = PBXFileReference; fileEncoding = 4; lastKnownFileType = sourcecode.swift; path = Global.swift; sourceTree = "<group>"; };
		18DD46E01AFAC8E300A7992C /* Sprite.swift */ = {isa = PBXFileReference; fileEncoding = 4; lastKnownFileType = sourcecode.swift; name = Sprite.swift; path = display/Sprite.swift; sourceTree = "<group>"; };
		18DD46E21AFAC96100A7992C /* Graphics.swift */ = {isa = PBXFileReference; fileEncoding = 4; lastKnownFileType = sourcecode.swift; name = Graphics.swift; path = display/Graphics.swift; sourceTree = "<group>"; };
		18DD46E51AFB040600A7992C /* Stage.swift */ = {isa = PBXFileReference; fileEncoding = 4; lastKnownFileType = sourcecode.swift; name = Stage.swift; path = display/Stage.swift; sourceTree = "<group>"; };
		18DD46EA1AFBAE9500A7992C /* StageScene.swift */ = {isa = PBXFileReference; fileEncoding = 4; lastKnownFileType = sourcecode.swift; name = StageScene.swift; path = display/StageScene.swift; sourceTree = "<group>"; };
		18DD470E1AFBFDEE00A7992C /* GraphicsNode.swift */ = {isa = PBXFileReference; fileEncoding = 4; lastKnownFileType = sourcecode.swift; name = GraphicsNode.swift; path = display/GraphicsNode.swift; sourceTree = "<group>"; };
		18DD47121AFC059F00A7992C /* SpriteNode.swift */ = {isa = PBXFileReference; fileEncoding = 4; lastKnownFileType = sourcecode.swift; name = SpriteNode.swift; path = display/SpriteNode.swift; sourceTree = "<group>"; };
		18E1A2C91B726B540050CCFA /* SimpleButton.swift */ = {isa = PBXFileReference; fileEncoding = 4; lastKnownFileType = sourcecode.swift; name = SimpleButton.swift; path = display/SimpleButton.swift; sourceTree = "<group>"; };
		18E1A2CC1B72B61E0050CCFA /* InteractiveNode.swift */ = {isa = PBXFileReference; fileEncoding = 4; lastKnownFileType = sourcecode.swift; name = InteractiveNode.swift; path = display/InteractiveNode.swift; sourceTree = "<group>"; };
		18E1A2CE1B72BBF60050CCFA /* UIColor.swift */ = {isa = PBXFileReference; fileEncoding = 4; lastKnownFileType = sourcecode.swift; path = UIColor.swift; sourceTree = "<group>"; };
		18EEBF861AFD5AC0007D8C4E /* ActionSwift.png */ = {isa = PBXFileReference; lastKnownFileType = image.png; path = ActionSwift.png; sourceTree = "<group>"; };
		18EEBF891AFD6B90007D8C4E /* screenshot.png */ = {isa = PBXFileReference; lastKnownFileType = image.png; path = screenshot.png; sourceTree = "<group>"; };
		B9330BF11BB1F1C500A3EB47 /* String.swift */ = {isa = PBXFileReference; fileEncoding = 4; lastKnownFileType = sourcecode.swift; path = String.swift; sourceTree = "<group>"; };
		B965BDAA1BDAD89E00E4875F /* LabelNode.swift */ = {isa = PBXFileReference; fileEncoding = 4; lastKnownFileType = sourcecode.swift; name = LabelNode.swift; path = display/LabelNode.swift; sourceTree = "<group>"; };
/* End PBXFileReference section */

/* Begin PBXFrameworksBuildPhase section */
		18DD463F1AF9104500A7992C /* Frameworks */ = {
			isa = PBXFrameworksBuildPhase;
			buildActionMask = 2147483647;
			files = (
				18DD46871AF9105700A7992C /* ActionSwift3.framework in Frameworks */,
			);
			runOnlyForDeploymentPostprocessing = 0;
		};
		18DD46581AF9104500A7992C /* Frameworks */ = {
			isa = PBXFrameworksBuildPhase;
			buildActionMask = 2147483647;
			files = (
			);
			runOnlyForDeploymentPostprocessing = 0;
		};
		18DD466C1AF9105700A7992C /* Frameworks */ = {
			isa = PBXFrameworksBuildPhase;
			buildActionMask = 2147483647;
			files = (
				18020EF31B73B87B00F637F2 /* AVFoundation.framework in Frameworks */,
			);
			runOnlyForDeploymentPostprocessing = 0;
		};
		18DD46771AF9105700A7992C /* Frameworks */ = {
			isa = PBXFrameworksBuildPhase;
			buildActionMask = 2147483647;
			files = (
				18DD467B1AF9105700A7992C /* ActionSwift3.framework in Frameworks */,
			);
			runOnlyForDeploymentPostprocessing = 0;
		};
/* End PBXFrameworksBuildPhase section */

/* Begin PBXGroup section */
		18020EED1B73AF0300F637F2 /* media */ = {
			isa = PBXGroup;
			children = (
				18020EEB1B73AEFD00F637F2 /* Sound.swift */,
				18020EEF1B73B1D800F637F2 /* SoundChannel.swift */,
			);
			name = media;
			sourceTree = "<group>";
		};
		18020EF41B73B88A00F637F2 /* Frameworks */ = {
			isa = PBXGroup;
			children = (
				18020EF11B73B86000F637F2 /* AVFoundation.framework */,
			);
			name = Frameworks;
			sourceTree = "<group>";
		};
		18020EFD1B73C82600F637F2 /* audio */ = {
			isa = PBXGroup;
			children = (
				18020EF71B73BAD900F637F2 /* ButtonTap.wav */,
				18020EFB1B73C81E00F637F2 /* SecondBeep.wav */,
			);
			name = audio;
			sourceTree = "<group>";
		};
		180A4DD01B669BCC00D77CD4 /* text */ = {
			isa = PBXGroup;
			children = (
				180A4DD31B669C5100D77CD4 /* TextField.swift */,
				180A4DD11B669C0B00D77CD4 /* TextFormat.swift */,
			);
			name = text;
			sourceTree = "<group>";
		};
		18C9429B1AFD004D00D20904 /* easing */ = {
			isa = PBXGroup;
			children = (
				18C9429C1AFD007800D20904 /* easing.swift */,
				18C9429D1AFD007800D20904 /* EasingDeclarations.swift */,
				18C9429E1AFD007800D20904 /* SKEase.swift */,
			);
			name = easing;
			sourceTree = "<group>";
		};
		18DD46391AF9104500A7992C = {
			isa = PBXGroup;
			children = (
				18642EF01B755FA000689AB1 /* README.md */,
				18EEBF861AFD5AC0007D8C4E /* ActionSwift.png */,
				18EEBF891AFD6B90007D8C4E /* screenshot.png */,
				1833525B1B84C8D20082DB1F /* SwiftAPIfortheFlashGuySmall.png */,
				18DD46441AF9104500A7992C /* ActionSwift */,
				18DD465E1AF9104500A7992C /* ActionSwiftTests */,
				18DD46711AF9105700A7992C /* ActionSwift3 */,
				18DD46801AF9105700A7992C /* ActionSwift3Tests */,
				18DD46431AF9104500A7992C /* Products */,
			);
			sourceTree = "<group>";
		};
		18DD46431AF9104500A7992C /* Products */ = {
			isa = PBXGroup;
			children = (
				18DD46421AF9104500A7992C /* ActionSwift.app */,
				18DD465B1AF9104500A7992C /* ActionSwiftTests.xctest */,
				18DD46701AF9105700A7992C /* ActionSwift3.framework */,
				18DD467A1AF9105700A7992C /* ActionSwift3Tests.xctest */,
			);
			name = Products;
			sourceTree = "<group>";
		};
		18DD46441AF9104500A7992C /* ActionSwift */ = {
			isa = PBXGroup;
			children = (
				18020EFD1B73C82600F637F2 /* audio */,
				18C942A41AFD209500D20904 /* images.atlas */,
				18DD46471AF9104500A7992C /* AppDelegate.swift */,
				18DD464D1AF9104500A7992C /* GameViewController.swift */,
				18DD464F1AF9104500A7992C /* Main.storyboard */,
				18DD46521AF9104500A7992C /* Images.xcassets */,
				18DD46541AF9104500A7992C /* LaunchScreen.xib */,
				18DD46451AF9104500A7992C /* Supporting Files */,
			);
			name = ActionSwift;
			path = ActionSwiftSK;
			sourceTree = "<group>";
		};
		18DD46451AF9104500A7992C /* Supporting Files */ = {
			isa = PBXGroup;
			children = (
				18DD46461AF9104500A7992C /* Info.plist */,
			);
			name = "Supporting Files";
			sourceTree = "<group>";
		};
		18DD465E1AF9104500A7992C /* ActionSwiftTests */ = {
			isa = PBXGroup;
			children = (
				18DD46611AF9104500A7992C /* ActionSwiftSKTests.swift */,
				18DD465F1AF9104500A7992C /* Supporting Files */,
			);
			name = ActionSwiftTests;
			path = ActionSwiftSKTests;
			sourceTree = "<group>";
		};
		18DD465F1AF9104500A7992C /* Supporting Files */ = {
			isa = PBXGroup;
			children = (
				18DD46601AF9104500A7992C /* Info.plist */,
			);
			name = "Supporting Files";
			sourceTree = "<group>";
		};
		18DD46711AF9105700A7992C /* ActionSwift3 */ = {
			isa = PBXGroup;
			children = (
				18020EF41B73B88A00F637F2 /* Frameworks */,
				18DD46741AF9105700A7992C /* ActionSwift3.h */,
				18DD46C61AF92DD500A7992C /* com */,
				18DD46721AF9105700A7992C /* Supporting Files */,
			);
			path = ActionSwift3;
			sourceTree = "<group>";
		};
		18DD46721AF9105700A7992C /* Supporting Files */ = {
			isa = PBXGroup;
			children = (
				18DD46731AF9105700A7992C /* Info.plist */,
			);
			name = "Supporting Files";
			sourceTree = "<group>";
		};
		18DD46801AF9105700A7992C /* ActionSwift3Tests */ = {
			isa = PBXGroup;
			children = (
				18DD46831AF9105700A7992C /* ActionSwift3Tests.swift */,
				18DD46811AF9105700A7992C /* Supporting Files */,
			);
			path = ActionSwift3Tests;
			sourceTree = "<group>";
		};
		18DD46811AF9105700A7992C /* Supporting Files */ = {
			isa = PBXGroup;
			children = (
				18DD46821AF9105700A7992C /* Info.plist */,
			);
			name = "Supporting Files";
			sourceTree = "<group>";
		};
		18DD46C41AF92DA800A7992C /* events */ = {
			isa = PBXGroup;
			children = (
				18DD46901AF9110500A7992C /* EventDispatcher.swift */,
				18DD46C21AF92D9700A7992C /* Event.swift */,
				18DD46D21AF96D3F00A7992C /* EventHandler.swift */,
				18DD46DA1AFA5F6800A7992C /* Touch.swift */,
				18DD46DC1AFA612D00A7992C /* TouchEvent.swift */,
			);
			name = events;
			sourceTree = "<group>";
		};
		18DD46C51AF92DC100A7992C /* actionswift */ = {
			isa = PBXGroup;
			children = (
				18DD46CB1AF950D800A7992C /* display */,
				18C9429B1AFD004D00D20904 /* easing */,
				18DD46C41AF92DA800A7992C /* events */,
				18E1A2D01B72BC410050CCFA /* extensions */,
				18020EED1B73AF0300F637F2 /* media */,
				180A4DD01B669BCC00D77CD4 /* text */,
			);
			name = actionswift;
			sourceTree = "<group>";
		};
		18DD46C61AF92DD500A7992C /* com */ = {
			isa = PBXGroup;
			children = (
				18DD46C51AF92DC100A7992C /* actionswift */,
			);
			name = com;
			sourceTree = "<group>";
		};
		18DD46CB1AF950D800A7992C /* display */ = {
			isa = PBXGroup;
			children = (
				18DD46E91AFBADAD00A7992C /* internal */,
				18DD46CC1AF9510100A7992C /* DisplayObject.swift */,
				18DD46D61AF9B3B400A7992C /* DisplayObjectContainer.swift */,
				18DD46E21AFAC96100A7992C /* Graphics.swift */,
				18DD46D41AF9B3A000A7992C /* InteractiveObject.swift */,
				18C9425C1AFC31A900D20904 /* MovieClip.swift */,
				18DD46E01AFAC8E300A7992C /* Sprite.swift */,
				18DD46E51AFB040600A7992C /* Stage.swift */,
				18E1A2C91B726B540050CCFA /* SimpleButton.swift */,
			);
			name = display;
			sourceTree = "<group>";
		};
		18DD46E91AFBADAD00A7992C /* internal */ = {
			isa = PBXGroup;
			children = (
				183432081B62F16500F1CD2E /* SKMultilineLabel.swift */,
				18DD46EA1AFBAE9500A7992C /* StageScene.swift */,
				18DD470E1AFBFDEE00A7992C /* GraphicsNode.swift */,
				18DD47121AFC059F00A7992C /* SpriteNode.swift */,
				18E1A2CC1B72B61E0050CCFA /* InteractiveNode.swift */,
				B965BDAA1BDAD89E00E4875F /* LabelNode.swift */,
			);
			name = internal;
			sourceTree = "<group>";
		};
		18E1A2D01B72BC410050CCFA /* extensions */ = {
			isa = PBXGroup;
			children = (
				18DD46C91AF9423100A7992C /* Array.swift */,
				18E1A2CE1B72BBF60050CCFA /* UIColor.swift */,
				18DD46C71AF9345B00A7992C /* Object.swift */,
				18DD46DE1AFA831200A7992C /* Global.swift */,
				B9330BF11BB1F1C500A3EB47 /* String.swift */,
			);
			name = extensions;
			sourceTree = "<group>";
		};
/* End PBXGroup section */

/* Begin PBXHeadersBuildPhase section */
		18DD466D1AF9105700A7992C /* Headers */ = {
			isa = PBXHeadersBuildPhase;
			buildActionMask = 2147483647;
			files = (
				18DD46751AF9105700A7992C /* ActionSwift3.h in Headers */,
			);
			runOnlyForDeploymentPostprocessing = 0;
		};
/* End PBXHeadersBuildPhase section */

/* Begin PBXNativeTarget section */
		18DD46411AF9104500A7992C /* ActionSwift */ = {
			isa = PBXNativeTarget;
			buildConfigurationList = 18DD46651AF9104500A7992C /* Build configuration list for PBXNativeTarget "ActionSwift" */;
			buildPhases = (
				18DD463E1AF9104500A7992C /* Sources */,
				18DD463F1AF9104500A7992C /* Frameworks */,
				18DD46401AF9104500A7992C /* Resources */,
				18DD468C1AF9105700A7992C /* Embed Frameworks */,
			);
			buildRules = (
			);
			dependencies = (
				18DD46861AF9105700A7992C /* PBXTargetDependency */,
			);
			name = ActionSwift;
			productName = ActionSwiftSK;
			productReference = 18DD46421AF9104500A7992C /* ActionSwift.app */;
			productType = "com.apple.product-type.application";
		};
		18DD465A1AF9104500A7992C /* ActionSwiftTests */ = {
			isa = PBXNativeTarget;
			buildConfigurationList = 18DD46681AF9104500A7992C /* Build configuration list for PBXNativeTarget "ActionSwiftTests" */;
			buildPhases = (
				18DD46571AF9104500A7992C /* Sources */,
				18DD46581AF9104500A7992C /* Frameworks */,
				18DD46591AF9104500A7992C /* Resources */,
			);
			buildRules = (
			);
			dependencies = (
				18DD465D1AF9104500A7992C /* PBXTargetDependency */,
			);
			name = ActionSwiftTests;
			productName = ActionSwiftSKTests;
			productReference = 18DD465B1AF9104500A7992C /* ActionSwiftTests.xctest */;
			productType = "com.apple.product-type.bundle.unit-test";
		};
		18DD466F1AF9105700A7992C /* ActionSwift3 */ = {
			isa = PBXNativeTarget;
			buildConfigurationList = 18DD46891AF9105700A7992C /* Build configuration list for PBXNativeTarget "ActionSwift3" */;
			buildPhases = (
				18DD466B1AF9105700A7992C /* Sources */,
				18DD466C1AF9105700A7992C /* Frameworks */,
				18DD466D1AF9105700A7992C /* Headers */,
				18DD466E1AF9105700A7992C /* Resources */,
			);
			buildRules = (
			);
			dependencies = (
			);
			name = ActionSwift3;
			productName = ActionSwift3;
			productReference = 18DD46701AF9105700A7992C /* ActionSwift3.framework */;
			productType = "com.apple.product-type.framework";
		};
		18DD46791AF9105700A7992C /* ActionSwift3Tests */ = {
			isa = PBXNativeTarget;
			buildConfigurationList = 18DD468D1AF9105700A7992C /* Build configuration list for PBXNativeTarget "ActionSwift3Tests" */;
			buildPhases = (
				18DD46761AF9105700A7992C /* Sources */,
				18DD46771AF9105700A7992C /* Frameworks */,
				18DD46781AF9105700A7992C /* Resources */,
			);
			buildRules = (
			);
			dependencies = (
				18DD467D1AF9105700A7992C /* PBXTargetDependency */,
				18DD467F1AF9105700A7992C /* PBXTargetDependency */,
			);
			name = ActionSwift3Tests;
			productName = ActionSwift3Tests;
			productReference = 18DD467A1AF9105700A7992C /* ActionSwift3Tests.xctest */;
			productType = "com.apple.product-type.bundle.unit-test";
		};
/* End PBXNativeTarget section */

/* Begin PBXProject section */
		18DD463A1AF9104500A7992C /* Project object */ = {
			isa = PBXProject;
			attributes = {
				LastSwiftUpdateCheck = 0700;
				LastUpgradeCheck = 0900;
				ORGANIZATIONNAME = "Interactive Coconut";
				TargetAttributes = {
					18DD46411AF9104500A7992C = {
						CreatedOnToolsVersion = 6.3;
						LastSwiftMigration = 0900;
					};
					18DD465A1AF9104500A7992C = {
						CreatedOnToolsVersion = 6.3;
						LastSwiftMigration = 0900;
						TestTargetID = 18DD46411AF9104500A7992C;
					};
					18DD466F1AF9105700A7992C = {
						CreatedOnToolsVersion = 6.3;
						LastSwiftMigration = 0900;
					};
					18DD46791AF9105700A7992C = {
						CreatedOnToolsVersion = 6.3;
						LastSwiftMigration = 0900;
						TestTargetID = 18DD46411AF9104500A7992C;
					};
				};
			};
			buildConfigurationList = 18DD463D1AF9104500A7992C /* Build configuration list for PBXProject "ActionSwift" */;
			compatibilityVersion = "Xcode 3.2";
			developmentRegion = English;
			hasScannedForEncodings = 0;
			knownRegions = (
				en,
				Base,
			);
			mainGroup = 18DD46391AF9104500A7992C;
			productRefGroup = 18DD46431AF9104500A7992C /* Products */;
			projectDirPath = "";
			projectRoot = "";
			targets = (
				18DD46411AF9104500A7992C /* ActionSwift */,
				18DD465A1AF9104500A7992C /* ActionSwiftTests */,
				18DD466F1AF9105700A7992C /* ActionSwift3 */,
				18DD46791AF9105700A7992C /* ActionSwift3Tests */,
			);
		};
/* End PBXProject section */

/* Begin PBXResourcesBuildPhase section */
		18DD46401AF9104500A7992C /* Resources */ = {
			isa = PBXResourcesBuildPhase;
			buildActionMask = 2147483647;
			files = (
				18DD46561AF9104500A7992C /* LaunchScreen.xib in Resources */,
				18C942A51AFD209500D20904 /* images.atlas in Resources */,
				18020EF81B73BAD900F637F2 /* ButtonTap.wav in Resources */,
				18020EFC1B73C81E00F637F2 /* SecondBeep.wav in Resources */,
				18DD46531AF9104500A7992C /* Images.xcassets in Resources */,
				18DD46511AF9104500A7992C /* Main.storyboard in Resources */,
			);
			runOnlyForDeploymentPostprocessing = 0;
		};
		18DD46591AF9104500A7992C /* Resources */ = {
			isa = PBXResourcesBuildPhase;
			buildActionMask = 2147483647;
			files = (
			);
			runOnlyForDeploymentPostprocessing = 0;
		};
		18DD466E1AF9105700A7992C /* Resources */ = {
			isa = PBXResourcesBuildPhase;
			buildActionMask = 2147483647;
			files = (
			);
			runOnlyForDeploymentPostprocessing = 0;
		};
		18DD46781AF9105700A7992C /* Resources */ = {
			isa = PBXResourcesBuildPhase;
			buildActionMask = 2147483647;
			files = (
			);
			runOnlyForDeploymentPostprocessing = 0;
		};
/* End PBXResourcesBuildPhase section */

/* Begin PBXSourcesBuildPhase section */
		18DD463E1AF9104500A7992C /* Sources */ = {
			isa = PBXSourcesBuildPhase;
			buildActionMask = 2147483647;
			files = (
				18DD47041AFBB4A700A7992C /* Object.swift in Sources */,
				18DD47031AFBB4A700A7992C /* Array.swift in Sources */,
				18DD47021AFBB4A700A7992C /* TouchEvent.swift in Sources */,
				18DD47011AFBB4A700A7992C /* Touch.swift in Sources */,
				18E1A2CB1B72AA240050CCFA /* SimpleButton.swift in Sources */,
				18020EF61B73B9B200F637F2 /* SoundChannel.swift in Sources */,
				B965BDAD1BDADAA800E4875F /* InteractiveNode.swift in Sources */,
				18DD47141AFC064100A7992C /* SpriteNode.swift in Sources */,
				18DD46FD1AFBB4A300A7992C /* Stage.swift in Sources */,
				18DD47081AFBB4DF00A7992C /* StageScene.swift in Sources */,
				18DD470A1AFBB4E600A7992C /* InteractiveObject.swift in Sources */,
				18DE35531B6FCD5B007C9A93 /* TextFormat.swift in Sources */,
				18DD47001AFBB4A700A7992C /* EventHandler.swift in Sources */,
				18020EF51B73B94D00F637F2 /* DisplayObject.swift in Sources */,
				18DD470B1AFBB4E600A7992C /* DisplayObjectContainer.swift in Sources */,
				18DD470D1AFBB4E600A7992C /* Graphics.swift in Sources */,
				18020EEE1B73AF1100F637F2 /* Sound.swift in Sources */,
				18DD470C1AFBB4E600A7992C /* Sprite.swift in Sources */,
				18DD47051AFBB4A700A7992C /* Global.swift in Sources */,
				B9330BF31BB1F23000A3EB47 /* String.swift in Sources */,
				18DE35521B6FCD58007C9A93 /* SKMultilineLabel.swift in Sources */,
				18DE35541B6FCD5E007C9A93 /* TextField.swift in Sources */,
				18DD46FE1AFBB4A700A7992C /* EventDispatcher.swift in Sources */,
				B965BDAC1BDADA9600E4875F /* LabelNode.swift in Sources */,
				18E1A2D11B72BC720050CCFA /* UIColor.swift in Sources */,
				18C9425E1AFC32B500D20904 /* MovieClip.swift in Sources */,
				18DD47101AFBFE3D00A7992C /* GraphicsNode.swift in Sources */,
				18DD464E1AF9104500A7992C /* GameViewController.swift in Sources */,
				18DD46481AF9104500A7992C /* AppDelegate.swift in Sources */,
				18DD46FF1AFBB4A700A7992C /* Event.swift in Sources */,
			);
			runOnlyForDeploymentPostprocessing = 0;
		};
		18DD46571AF9104500A7992C /* Sources */ = {
			isa = PBXSourcesBuildPhase;
			buildActionMask = 2147483647;
			files = (
				18DD46621AF9104500A7992C /* ActionSwiftSKTests.swift in Sources */,
			);
			runOnlyForDeploymentPostprocessing = 0;
		};
		18DD466B1AF9105700A7992C /* Sources */ = {
			isa = PBXSourcesBuildPhase;
			buildActionMask = 2147483647;
			files = (
				18DD46CD1AF9510100A7992C /* DisplayObject.swift in Sources */,
				18E1A2CA1B726B540050CCFA /* SimpleButton.swift in Sources */,
				B965BDAB1BDAD89E00E4875F /* LabelNode.swift in Sources */,
				18DD46D31AF96D3F00A7992C /* EventHandler.swift in Sources */,
				183432091B62F16500F1CD2E /* SKMultilineLabel.swift in Sources */,
				18C942A01AFD007800D20904 /* EasingDeclarations.swift in Sources */,
				18DD46DB1AFA5F6800A7992C /* Touch.swift in Sources */,
				18DD46E11AFAC8E300A7992C /* Sprite.swift in Sources */,
				18020EEC1B73AEFD00F637F2 /* Sound.swift in Sources */,
				18DD46C31AF92D9700A7992C /* Event.swift in Sources */,
				18DD46CA1AF9423100A7992C /* Array.swift in Sources */,
				18E1A2CD1B72B61E0050CCFA /* InteractiveNode.swift in Sources */,
				18C9429F1AFD007800D20904 /* easing.swift in Sources */,
				B9330BF21BB1F1C500A3EB47 /* String.swift in Sources */,
				180A4DD21B669C0B00D77CD4 /* TextFormat.swift in Sources */,
				18DD46EB1AFBAE9500A7992C /* StageScene.swift in Sources */,
				18DD46D51AF9B3A000A7992C /* InteractiveObject.swift in Sources */,
				18DD46C81AF9345B00A7992C /* Object.swift in Sources */,
				18DD470F1AFBFDEE00A7992C /* GraphicsNode.swift in Sources */,
				18DD46E61AFB040600A7992C /* Stage.swift in Sources */,
				18DD47131AFC059F00A7992C /* SpriteNode.swift in Sources */,
				18DD46DF1AFA831200A7992C /* Global.swift in Sources */,
				180A4DD41B669C5100D77CD4 /* TextField.swift in Sources */,
				18DD46E31AFAC96100A7992C /* Graphics.swift in Sources */,
				18C942A11AFD007800D20904 /* SKEase.swift in Sources */,
				18E1A2CF1B72BBF60050CCFA /* UIColor.swift in Sources */,
				18DD46911AF9110500A7992C /* EventDispatcher.swift in Sources */,
				18DD46D71AF9B3B400A7992C /* DisplayObjectContainer.swift in Sources */,
				18020EF01B73B1D800F637F2 /* SoundChannel.swift in Sources */,
				18C9425D1AFC31A900D20904 /* MovieClip.swift in Sources */,
				18DD46DD1AFA612D00A7992C /* TouchEvent.swift in Sources */,
			);
			runOnlyForDeploymentPostprocessing = 0;
		};
		18DD46761AF9105700A7992C /* Sources */ = {
			isa = PBXSourcesBuildPhase;
			buildActionMask = 2147483647;
			files = (
				18DD46841AF9105700A7992C /* ActionSwift3Tests.swift in Sources */,
			);
			runOnlyForDeploymentPostprocessing = 0;
		};
/* End PBXSourcesBuildPhase section */

/* Begin PBXTargetDependency section */
		18DD465D1AF9104500A7992C /* PBXTargetDependency */ = {
			isa = PBXTargetDependency;
			target = 18DD46411AF9104500A7992C /* ActionSwift */;
			targetProxy = 18DD465C1AF9104500A7992C /* PBXContainerItemProxy */;
		};
		18DD467D1AF9105700A7992C /* PBXTargetDependency */ = {
			isa = PBXTargetDependency;
			target = 18DD466F1AF9105700A7992C /* ActionSwift3 */;
			targetProxy = 18DD467C1AF9105700A7992C /* PBXContainerItemProxy */;
		};
		18DD467F1AF9105700A7992C /* PBXTargetDependency */ = {
			isa = PBXTargetDependency;
			target = 18DD46411AF9104500A7992C /* ActionSwift */;
			targetProxy = 18DD467E1AF9105700A7992C /* PBXContainerItemProxy */;
		};
		18DD46861AF9105700A7992C /* PBXTargetDependency */ = {
			isa = PBXTargetDependency;
			target = 18DD466F1AF9105700A7992C /* ActionSwift3 */;
			targetProxy = 18DD46851AF9105700A7992C /* PBXContainerItemProxy */;
		};
/* End PBXTargetDependency section */

/* Begin PBXVariantGroup section */
		18DD464F1AF9104500A7992C /* Main.storyboard */ = {
			isa = PBXVariantGroup;
			children = (
				18DD46501AF9104500A7992C /* Base */,
			);
			name = Main.storyboard;
			sourceTree = "<group>";
		};
		18DD46541AF9104500A7992C /* LaunchScreen.xib */ = {
			isa = PBXVariantGroup;
			children = (
				18DD46551AF9104500A7992C /* Base */,
			);
			name = LaunchScreen.xib;
			sourceTree = "<group>";
		};
/* End PBXVariantGroup section */

/* Begin XCBuildConfiguration section */
		18DD46631AF9104500A7992C /* Debug */ = {
			isa = XCBuildConfiguration;
			buildSettings = {
				ALWAYS_SEARCH_USER_PATHS = NO;
				CLANG_CXX_LANGUAGE_STANDARD = "gnu++0x";
				CLANG_CXX_LIBRARY = "libc++";
				CLANG_ENABLE_MODULES = YES;
				CLANG_ENABLE_OBJC_ARC = YES;
				CLANG_WARN_BLOCK_CAPTURE_AUTORELEASING = YES;
				CLANG_WARN_BOOL_CONVERSION = YES;
				CLANG_WARN_COMMA = YES;
				CLANG_WARN_CONSTANT_CONVERSION = YES;
				CLANG_WARN_DIRECT_OBJC_ISA_USAGE = YES_ERROR;
				CLANG_WARN_EMPTY_BODY = YES;
				CLANG_WARN_ENUM_CONVERSION = YES;
				CLANG_WARN_INFINITE_RECURSION = YES;
				CLANG_WARN_INT_CONVERSION = YES;
				CLANG_WARN_NON_LITERAL_NULL_CONVERSION = YES;
				CLANG_WARN_OBJC_LITERAL_CONVERSION = YES;
				CLANG_WARN_OBJC_ROOT_CLASS = YES_ERROR;
				CLANG_WARN_RANGE_LOOP_ANALYSIS = YES;
				CLANG_WARN_STRICT_PROTOTYPES = YES;
				CLANG_WARN_SUSPICIOUS_MOVE = YES;
				CLANG_WARN_UNREACHABLE_CODE = YES;
				CLANG_WARN__DUPLICATE_METHOD_MATCH = YES;
				"CODE_SIGN_IDENTITY[sdk=iphoneos*]" = "iPhone Developer";
				COPY_PHASE_STRIP = NO;
				DEBUG_INFORMATION_FORMAT = "dwarf-with-dsym";
				ENABLE_STRICT_OBJC_MSGSEND = YES;
				ENABLE_TESTABILITY = YES;
				GCC_C_LANGUAGE_STANDARD = gnu99;
				GCC_DYNAMIC_NO_PIC = NO;
				GCC_NO_COMMON_BLOCKS = YES;
				GCC_OPTIMIZATION_LEVEL = 0;
				GCC_PREPROCESSOR_DEFINITIONS = (
					"DEBUG=1",
					"$(inherited)",
				);
				GCC_SYMBOLS_PRIVATE_EXTERN = NO;
				GCC_WARN_64_TO_32_BIT_CONVERSION = YES;
				GCC_WARN_ABOUT_RETURN_TYPE = YES_ERROR;
				GCC_WARN_UNDECLARED_SELECTOR = YES;
				GCC_WARN_UNINITIALIZED_AUTOS = YES_AGGRESSIVE;
				GCC_WARN_UNUSED_FUNCTION = YES;
				GCC_WARN_UNUSED_VARIABLE = YES;
				IPHONEOS_DEPLOYMENT_TARGET = 8.3;
				MTL_ENABLE_DEBUG_INFO = YES;
				ONLY_ACTIVE_ARCH = YES;
				SDKROOT = iphoneos;
				SWIFT_OPTIMIZATION_LEVEL = "-Onone";
				SWIFT_VERSION = 3.0;
				TARGETED_DEVICE_FAMILY = "1,2";
			};
			name = Debug;
		};
		18DD46641AF9104500A7992C /* Release */ = {
			isa = XCBuildConfiguration;
			buildSettings = {
				ALWAYS_SEARCH_USER_PATHS = NO;
				CLANG_CXX_LANGUAGE_STANDARD = "gnu++0x";
				CLANG_CXX_LIBRARY = "libc++";
				CLANG_ENABLE_MODULES = YES;
				CLANG_ENABLE_OBJC_ARC = YES;
				CLANG_WARN_BLOCK_CAPTURE_AUTORELEASING = YES;
				CLANG_WARN_BOOL_CONVERSION = YES;
				CLANG_WARN_COMMA = YES;
				CLANG_WARN_CONSTANT_CONVERSION = YES;
				CLANG_WARN_DIRECT_OBJC_ISA_USAGE = YES_ERROR;
				CLANG_WARN_EMPTY_BODY = YES;
				CLANG_WARN_ENUM_CONVERSION = YES;
				CLANG_WARN_INFINITE_RECURSION = YES;
				CLANG_WARN_INT_CONVERSION = YES;
				CLANG_WARN_NON_LITERAL_NULL_CONVERSION = YES;
				CLANG_WARN_OBJC_LITERAL_CONVERSION = YES;
				CLANG_WARN_OBJC_ROOT_CLASS = YES_ERROR;
				CLANG_WARN_RANGE_LOOP_ANALYSIS = YES;
				CLANG_WARN_STRICT_PROTOTYPES = YES;
				CLANG_WARN_SUSPICIOUS_MOVE = YES;
				CLANG_WARN_UNREACHABLE_CODE = YES;
				CLANG_WARN__DUPLICATE_METHOD_MATCH = YES;
				"CODE_SIGN_IDENTITY[sdk=iphoneos*]" = "iPhone Developer";
				COPY_PHASE_STRIP = NO;
				DEBUG_INFORMATION_FORMAT = "dwarf-with-dsym";
				ENABLE_NS_ASSERTIONS = NO;
				ENABLE_STRICT_OBJC_MSGSEND = YES;
				GCC_C_LANGUAGE_STANDARD = gnu99;
				GCC_NO_COMMON_BLOCKS = YES;
				GCC_WARN_64_TO_32_BIT_CONVERSION = YES;
				GCC_WARN_ABOUT_RETURN_TYPE = YES_ERROR;
				GCC_WARN_UNDECLARED_SELECTOR = YES;
				GCC_WARN_UNINITIALIZED_AUTOS = YES_AGGRESSIVE;
				GCC_WARN_UNUSED_FUNCTION = YES;
				GCC_WARN_UNUSED_VARIABLE = YES;
				IPHONEOS_DEPLOYMENT_TARGET = 8.3;
				MTL_ENABLE_DEBUG_INFO = NO;
				SDKROOT = iphoneos;
				SWIFT_OPTIMIZATION_LEVEL = "-Owholemodule";
				SWIFT_VERSION = 3.0;
				TARGETED_DEVICE_FAMILY = "1,2";
				VALIDATE_PRODUCT = YES;
			};
			name = Release;
		};
		18DD46661AF9104500A7992C /* Debug */ = {
			isa = XCBuildConfiguration;
			buildSettings = {
				ASSETCATALOG_COMPILER_APPICON_NAME = AppIcon;
				INFOPLIST_FILE = ActionSwiftSK/Info.plist;
				IPHONEOS_DEPLOYMENT_TARGET = 10.0;
				LD_RUNPATH_SEARCH_PATHS = "$(inherited) @executable_path/Frameworks";
				PRODUCT_BUNDLE_IDENTIFIER = "com.interactivecoconut.$(PRODUCT_NAME:rfc1034identifier)";
				PRODUCT_NAME = ActionSwift;
				SWIFT_SWIFT3_OBJC_INFERENCE = Default;
				SWIFT_VERSION = 4.0;
			};
			name = Debug;
		};
		18DD46671AF9104500A7992C /* Release */ = {
			isa = XCBuildConfiguration;
			buildSettings = {
				ASSETCATALOG_COMPILER_APPICON_NAME = AppIcon;
				INFOPLIST_FILE = ActionSwiftSK/Info.plist;
				IPHONEOS_DEPLOYMENT_TARGET = 10.0;
				LD_RUNPATH_SEARCH_PATHS = "$(inherited) @executable_path/Frameworks";
				PRODUCT_BUNDLE_IDENTIFIER = "com.interactivecoconut.$(PRODUCT_NAME:rfc1034identifier)";
				PRODUCT_NAME = ActionSwift;
				SWIFT_SWIFT3_OBJC_INFERENCE = Default;
				SWIFT_VERSION = 4.0;
			};
			name = Release;
		};
		18DD46691AF9104500A7992C /* Debug */ = {
			isa = XCBuildConfiguration;
			buildSettings = {
				BUNDLE_LOADER = "$(TEST_HOST)";
				FRAMEWORK_SEARCH_PATHS = (
					"$(SDKROOT)/Developer/Library/Frameworks",
					"$(inherited)",
				);
				GCC_PREPROCESSOR_DEFINITIONS = (
					"DEBUG=1",
					"$(inherited)",
				);
				INFOPLIST_FILE = ActionSwiftSKTests/Info.plist;
				LD_RUNPATH_SEARCH_PATHS = "$(inherited) @executable_path/Frameworks @loader_path/Frameworks";
				PRODUCT_BUNDLE_IDENTIFIER = "com.interactivecoconut.$(PRODUCT_NAME:rfc1034identifier)";
				PRODUCT_NAME = ActionSwiftTests;
				SWIFT_SWIFT3_OBJC_INFERENCE = Default;
				SWIFT_VERSION = 4.0;
				TEST_HOST = "$(BUILT_PRODUCTS_DIR)/ActionSwift.app/ActionSwift";
			};
			name = Debug;
		};
		18DD466A1AF9104500A7992C /* Release */ = {
			isa = XCBuildConfiguration;
			buildSettings = {
				BUNDLE_LOADER = "$(TEST_HOST)";
				FRAMEWORK_SEARCH_PATHS = (
					"$(SDKROOT)/Developer/Library/Frameworks",
					"$(inherited)",
				);
				INFOPLIST_FILE = ActionSwiftSKTests/Info.plist;
				LD_RUNPATH_SEARCH_PATHS = "$(inherited) @executable_path/Frameworks @loader_path/Frameworks";
				PRODUCT_BUNDLE_IDENTIFIER = "com.interactivecoconut.$(PRODUCT_NAME:rfc1034identifier)";
				PRODUCT_NAME = ActionSwiftTests;
				SWIFT_SWIFT3_OBJC_INFERENCE = Default;
				SWIFT_VERSION = 4.0;
				TEST_HOST = "$(BUILT_PRODUCTS_DIR)/ActionSwift.app/ActionSwift";
			};
			name = Release;
		};
		18DD468A1AF9105700A7992C /* Debug */ = {
			isa = XCBuildConfiguration;
			buildSettings = {
				CLANG_ENABLE_MODULES = YES;
				"CODE_SIGN_IDENTITY[sdk=iphoneos*]" = "";
				CURRENT_PROJECT_VERSION = 1;
				DEFINES_MODULE = YES;
				DYLIB_COMPATIBILITY_VERSION = 1;
				DYLIB_CURRENT_VERSION = 1;
				DYLIB_INSTALL_NAME_BASE = "@rpath";
				GCC_PREPROCESSOR_DEFINITIONS = (
					"DEBUG=1",
					"$(inherited)",
				);
				INFOPLIST_FILE = ActionSwift3/Info.plist;
				INSTALL_PATH = "$(LOCAL_LIBRARY_DIR)/Frameworks";
				LD_RUNPATH_SEARCH_PATHS = "$(inherited) @executable_path/Frameworks @loader_path/Frameworks";
				PRODUCT_BUNDLE_IDENTIFIER = "com.interactivecoconut.$(PRODUCT_NAME:rfc1034identifier)";
				PRODUCT_NAME = "$(TARGET_NAME)";
				SKIP_INSTALL = YES;
				SWIFT_OPTIMIZATION_LEVEL = "-Onone";
				SWIFT_SWIFT3_OBJC_INFERENCE = Default;
				SWIFT_VERSION = 4.0;
				VERSIONING_SYSTEM = "apple-generic";
				VERSION_INFO_PREFIX = "";
			};
			name = Debug;
		};
		18DD468B1AF9105700A7992C /* Release */ = {
			isa = XCBuildConfiguration;
			buildSettings = {
				CLANG_ENABLE_MODULES = YES;
				"CODE_SIGN_IDENTITY[sdk=iphoneos*]" = "";
				CURRENT_PROJECT_VERSION = 1;
				DEFINES_MODULE = YES;
				DYLIB_COMPATIBILITY_VERSION = 1;
				DYLIB_CURRENT_VERSION = 1;
				DYLIB_INSTALL_NAME_BASE = "@rpath";
				INFOPLIST_FILE = ActionSwift3/Info.plist;
				INSTALL_PATH = "$(LOCAL_LIBRARY_DIR)/Frameworks";
				LD_RUNPATH_SEARCH_PATHS = "$(inherited) @executable_path/Frameworks @loader_path/Frameworks";
				PRODUCT_BUNDLE_IDENTIFIER = "com.interactivecoconut.$(PRODUCT_NAME:rfc1034identifier)";
				PRODUCT_NAME = "$(TARGET_NAME)";
				SKIP_INSTALL = YES;
				SWIFT_SWIFT3_OBJC_INFERENCE = Default;
				SWIFT_VERSION = 4.0;
				VERSIONING_SYSTEM = "apple-generic";
				VERSION_INFO_PREFIX = "";
			};
			name = Release;
		};
		18DD468E1AF9105700A7992C /* Debug */ = {
			isa = XCBuildConfiguration;
			buildSettings = {
				FRAMEWORK_SEARCH_PATHS = (
					"$(SDKROOT)/Developer/Library/Frameworks",
					"$(inherited)",
				);
				GCC_PREPROCESSOR_DEFINITIONS = (
					"DEBUG=1",
					"$(inherited)",
				);
				INFOPLIST_FILE = ActionSwift3Tests/Info.plist;
				LD_RUNPATH_SEARCH_PATHS = "$(inherited) @executable_path/Frameworks @loader_path/Frameworks";
				PRODUCT_BUNDLE_IDENTIFIER = "com.interactivecoconut.$(PRODUCT_NAME:rfc1034identifier)";
				PRODUCT_NAME = "$(TARGET_NAME)";
				SWIFT_SWIFT3_OBJC_INFERENCE = Default;
				SWIFT_VERSION = 4.0;
				TEST_HOST = "$(BUILT_PRODUCTS_DIR)/ActionSwift.app/ActionSwift";
			};
			name = Debug;
		};
		18DD468F1AF9105700A7992C /* Release */ = {
			isa = XCBuildConfiguration;
			buildSettings = {
				FRAMEWORK_SEARCH_PATHS = (
					"$(SDKROOT)/Developer/Library/Frameworks",
					"$(inherited)",
				);
				INFOPLIST_FILE = ActionSwift3Tests/Info.plist;
				LD_RUNPATH_SEARCH_PATHS = "$(inherited) @executable_path/Frameworks @loader_path/Frameworks";
				PRODUCT_BUNDLE_IDENTIFIER = "com.interactivecoconut.$(PRODUCT_NAME:rfc1034identifier)";
				PRODUCT_NAME = "$(TARGET_NAME)";
				SWIFT_SWIFT3_OBJC_INFERENCE = Default;
				SWIFT_VERSION = 4.0;
				TEST_HOST = "$(BUILT_PRODUCTS_DIR)/ActionSwift.app/ActionSwift";
			};
			name = Release;
		};
/* End XCBuildConfiguration section */

/* Begin XCConfigurationList section */
		18DD463D1AF9104500A7992C /* Build configuration list for PBXProject "ActionSwift" */ = {
			isa = XCConfigurationList;
			buildConfigurations = (
				18DD46631AF9104500A7992C /* Debug */,
				18DD46641AF9104500A7992C /* Release */,
			);
			defaultConfigurationIsVisible = 0;
			defaultConfigurationName = Release;
		};
		18DD46651AF9104500A7992C /* Build configuration list for PBXNativeTarget "ActionSwift" */ = {
			isa = XCConfigurationList;
			buildConfigurations = (
				18DD46661AF9104500A7992C /* Debug */,
				18DD46671AF9104500A7992C /* Release */,
			);
			defaultConfigurationIsVisible = 0;
			defaultConfigurationName = Release;
		};
		18DD46681AF9104500A7992C /* Build configuration list for PBXNativeTarget "ActionSwiftTests" */ = {
			isa = XCConfigurationList;
			buildConfigurations = (
				18DD46691AF9104500A7992C /* Debug */,
				18DD466A1AF9104500A7992C /* Release */,
			);
			defaultConfigurationIsVisible = 0;
			defaultConfigurationName = Release;
		};
		18DD46891AF9105700A7992C /* Build configuration list for PBXNativeTarget "ActionSwift3" */ = {
			isa = XCConfigurationList;
			buildConfigurations = (
				18DD468A1AF9105700A7992C /* Debug */,
				18DD468B1AF9105700A7992C /* Release */,
			);
			defaultConfigurationIsVisible = 0;
			defaultConfigurationName = Release;
		};
		18DD468D1AF9105700A7992C /* Build configuration list for PBXNativeTarget "ActionSwift3Tests" */ = {
			isa = XCConfigurationList;
			buildConfigurations = (
				18DD468E1AF9105700A7992C /* Debug */,
				18DD468F1AF9105700A7992C /* Release */,
			);
			defaultConfigurationIsVisible = 0;
			defaultConfigurationName = Release;
		};
/* End XCConfigurationList section */
	};
	rootObject = 18DD463A1AF9104500A7992C /* Project object */;
}
